
Microsoft Visual Studio Solution File, Format Version 12.00
# Visual Studio Version 17
VisualStudioVersion = 17.5.002.0
MinimumVisualStudioVersion = 10.0.40219.1
Project("{9A19103F-16F7-4668-BE54-9A1E7A4F7556}") = "ParkV4.WebUI", "ParkV4.WebUI\ParkV4.WebUI.csproj", "{932407FC-D50F-496E-8359-AEA9E53ECD5F}"
EndProject
Project("{FAE04EC0-301F-11D3-BF4B-00C04F79EFBC}") = "ParkV4.Domain", "ParkV4.Domain\ParkV4.Domain.csproj", "{49CD6E98-02EF-4782-8520-7E497D5F0D73}"
EndProject
Project("{FAE04EC0-301F-11D3-BF4B-00C04F79EFBC}") = "ParkV4.Application", "ParkV4.Application\ParkV4.Application.csproj", "{671FEC4F-DDA1-438E-B960-6823A355220D}"
EndProject
Project("{FAE04EC0-301F-11D3-BF4B-00C04F79EFBC}") = "ParkV4.Persistence", "ParkV4.Persistence\ParkV4.Persistence.csproj", "{B78B08BC-E7AF-43EB-828A-B6120B8FE8F7}"
EndProject
Global
	GlobalSection(SolutionConfigurationPlatforms) = preSolution
		Debug|Any CPU = Debug|Any CPU
		Release|Any CPU = Release|Any CPU
	EndGlobalSection
	GlobalSection(ProjectConfigurationPlatforms) = postSolution
		{932407FC-D50F-496E-8359-AEA9E53ECD5F}.Debug|Any CPU.ActiveCfg = Debug|Any CPU
		{932407FC-D50F-496E-8359-AEA9E53ECD5F}.Debug|Any CPU.Build.0 = Debug|Any CPU
		{932407FC-D50F-496E-8359-AEA9E53ECD5F}.Release|Any CPU.ActiveCfg = Release|Any CPU
		{932407FC-D50F-496E-8359-AEA9E53ECD5F}.Release|Any CPU.Build.0 = Release|Any CPU
		{49CD6E98-02EF-4782-8520-7E497D5F0D73}.Debug|Any CPU.ActiveCfg = Debug|Any CPU
		{49CD6E98-02EF-4782-8520-7E497D5F0D73}.Debug|Any CPU.Build.0 = Debug|Any CPU
		{49CD6E98-02EF-4782-8520-7E497D5F0D73}.Release|Any CPU.ActiveCfg = Release|Any CPU
		{49CD6E98-02EF-4782-8520-7E497D5F0D73}.Release|Any CPU.Build.0 = Release|Any CPU
		{671FEC4F-DDA1-438E-B960-6823A355220D}.Debug|Any CPU.ActiveCfg = Debug|Any CPU
		{671FEC4F-DDA1-438E-B960-6823A355220D}.Debug|Any CPU.Build.0 = Debug|Any CPU
		{671FEC4F-DDA1-438E-B960-6823A355220D}.Release|Any CPU.ActiveCfg = Release|Any CPU
		{671FEC4F-DDA1-438E-B960-6823A355220D}.Release|Any CPU.Build.0 = Release|Any CPU
		{B78B08BC-E7AF-43EB-828A-B6120B8FE8F7}.Debug|Any CPU.ActiveCfg = Debug|Any CPU
		{B78B08BC-E7AF-43EB-828A-B6120B8FE8F7}.Debug|Any CPU.Build.0 = Debug|Any CPU
		{B78B08BC-E7AF-43EB-828A-B6120B8FE8F7}.Release|Any CPU.ActiveCfg = Release|Any CPU
		{B78B08BC-E7AF-43EB-828A-B6120B8FE8F7}.Release|Any CPU.Build.0 = Release|Any CPU
	EndGlobalSection
	GlobalSection(SolutionProperties) = preSolution
		HideSolutionNode = FALSE
	EndGlobalSection
	GlobalSection(ExtensibilityGlobals) = postSolution
		SolutionGuid = {A801A339-C8E2-49CB-AC17-DAE6266EEC38}
	EndGlobalSection
EndGlobal
