
Microsoft Visual Studio Solution File, Format Version 12.00
# Visual Studio Version 17
VisualStudioVersion = 17.5.002.0
MinimumVisualStudioVersion = 10.0.40219.1
Project("{9A19103F-16F7-4668-BE54-9A1E7A4F7556}") = "ParkV4.Application", "ParkV4.Application\ParkV4.Application.csproj", "{E8AE7AFD-9ABC-40C1-B23F-D6D6070814BC}"
EndProject
Project("{9A19103F-16F7-4668-BE54-9A1E7A4F7556}") = "ParkV4.Domain", "ParkV4.Domain\ParkV4.Domain.csproj", "{BE5EA840-668A-40A0-8599-E09672526303}"
EndProject
Project("{9A19103F-16F7-4668-BE54-9A1E7A4F7556}") = "ParkV4.Persistence", "ParkV4.Persistence\ParkV4.Persistence.csproj", "{A6A72181-7AFD-4741-8F99-DD5EBAE40ED8}"
EndProject
Project("{9A19103F-16F7-4668-BE54-9A1E7A4F7556}") = "ParkV4.WebUI", "ParkV4.WebUI\ParkV4.WebUI.csproj", "{B9C7EC8D-0E2F-4479-9F38-03B399F3C04E}"
EndProject
Global
	GlobalSection(SolutionConfigurationPlatforms) = preSolution
		Debug|Any CPU = Debug|Any CPU
		Release|Any CPU = Release|Any CPU
	EndGlobalSection
	GlobalSection(ProjectConfigurationPlatforms) = postSolution
		{E8AE7AFD-9ABC-40C1-B23F-D6D6070814BC}.Debug|Any CPU.ActiveCfg = Debug|Any CPU
		{E8AE7AFD-9ABC-40C1-B23F-D6D6070814BC}.Debug|Any CPU.Build.0 = Debug|Any CPU
		{E8AE7AFD-9ABC-40C1-B23F-D6D6070814BC}.Release|Any CPU.ActiveCfg = Release|Any CPU
		{E8AE7AFD-9ABC-40C1-B23F-D6D6070814BC}.Release|Any CPU.Build.0 = Release|Any CPU
		{BE5EA840-668A-40A0-8599-E09672526303}.Debug|Any CPU.ActiveCfg = Debug|Any CPU
		{BE5EA840-668A-40A0-8599-E09672526303}.Debug|Any CPU.Build.0 = Debug|Any CPU
		{BE5EA840-668A-40A0-8599-E09672526303}.Release|Any CPU.ActiveCfg = Release|Any CPU
		{BE5EA840-668A-40A0-8599-E09672526303}.Release|Any CPU.Build.0 = Release|Any CPU
		{A6A72181-7AFD-4741-8F99-DD5EBAE40ED8}.Debug|Any CPU.ActiveCfg = Debug|Any CPU
		{A6A72181-7AFD-4741-8F99-DD5EBAE40ED8}.Debug|Any CPU.Build.0 = Debug|Any CPU
		{A6A72181-7AFD-4741-8F99-DD5EBAE40ED8}.Release|Any CPU.ActiveCfg = Release|Any CPU
		{A6A72181-7AFD-4741-8F99-DD5EBAE40ED8}.Release|Any CPU.Build.0 = Release|Any CPU
		{B9C7EC8D-0E2F-4479-9F38-03B399F3C04E}.Debug|Any CPU.ActiveCfg = Debug|Any CPU
		{B9C7EC8D-0E2F-4479-9F38-03B399F3C04E}.Debug|Any CPU.Build.0 = Debug|Any CPU
		{B9C7EC8D-0E2F-4479-9F38-03B399F3C04E}.Release|Any CPU.ActiveCfg = Release|Any CPU
		{B9C7EC8D-0E2F-4479-9F38-03B399F3C04E}.Release|Any CPU.Build.0 = Release|Any CPU
	EndGlobalSection
	GlobalSection(SolutionProperties) = preSolution
		HideSolutionNode = FALSE
	EndGlobalSection
	GlobalSection(ExtensibilityGlobals) = postSolution
		SolutionGuid = {A801A339-C8E2-49CB-AC17-DAE6266EEC38}
	EndGlobalSection
EndGlobal
