
Microsoft Visual Studio Solution File, Format Version 12.00
# Visual Studio Version 17
VisualStudioVersion = 17.5.002.0
MinimumVisualStudioVersion = 10.0.40219.1
Project("{9A19103F-16F7-4668-BE54-9A1E7A4F7556}") = "ParkV4.Application", "ParkV4.Application\ParkV4.Application.csproj", "{FEF60BE5-500A-4C41-87F3-CEB6CD29AA34}"
EndProject
Project("{9A19103F-16F7-4668-BE54-9A1E7A4F7556}") = "ParkV4.Domain", "ParkV4.Domain\ParkV4.Domain.csproj", "{94E1BC63-2B0C-4604-BF9F-78DFE0789C9D}"
EndProject
Project("{9A19103F-16F7-4668-BE54-9A1E7A4F7556}") = "ParkV4.Persistence", "ParkV4.Persistence\ParkV4.Persistence.csproj", "{C82354BC-C7C6-4F5B-9F66-7C14D9F7EC83}"
EndProject
Project("{9A19103F-16F7-4668-BE54-9A1E7A4F7556}") = "ParkV4.WebUI", "ParkV4.WebUI\ParkV4.WebUI.csproj", "{FC30E8A2-F3B4-4980-AA64-D8783E09ED4B}"
EndProject
Global
	GlobalSection(SolutionConfigurationPlatforms) = preSolution
		Debug|Any CPU = Debug|Any CPU
		Release|Any CPU = Release|Any CPU
	EndGlobalSection
	GlobalSection(ProjectConfigurationPlatforms) = postSolution
		{FEF60BE5-500A-4C41-87F3-CEB6CD29AA34}.Debug|Any CPU.ActiveCfg = Debug|Any CPU
		{FEF60BE5-500A-4C41-87F3-CEB6CD29AA34}.Debug|Any CPU.Build.0 = Debug|Any CPU
		{FEF60BE5-500A-4C41-87F3-CEB6CD29AA34}.Release|Any CPU.ActiveCfg = Release|Any CPU
		{FEF60BE5-500A-4C41-87F3-CEB6CD29AA34}.Release|Any CPU.Build.0 = Release|Any CPU
		{94E1BC63-2B0C-4604-BF9F-78DFE0789C9D}.Debug|Any CPU.ActiveCfg = Debug|Any CPU
		{94E1BC63-2B0C-4604-BF9F-78DFE0789C9D}.Debug|Any CPU.Build.0 = Debug|Any CPU
		{94E1BC63-2B0C-4604-BF9F-78DFE0789C9D}.Release|Any CPU.ActiveCfg = Release|Any CPU
		{94E1BC63-2B0C-4604-BF9F-78DFE0789C9D}.Release|Any CPU.Build.0 = Release|Any CPU
		{C82354BC-C7C6-4F5B-9F66-7C14D9F7EC83}.Debug|Any CPU.ActiveCfg = Debug|Any CPU
		{C82354BC-C7C6-4F5B-9F66-7C14D9F7EC83}.Debug|Any CPU.Build.0 = Debug|Any CPU
		{C82354BC-C7C6-4F5B-9F66-7C14D9F7EC83}.Release|Any CPU.ActiveCfg = Release|Any CPU
		{C82354BC-C7C6-4F5B-9F66-7C14D9F7EC83}.Release|Any CPU.Build.0 = Release|Any CPU
		{FC30E8A2-F3B4-4980-AA64-D8783E09ED4B}.Debug|Any CPU.ActiveCfg = Debug|Any CPU
		{FC30E8A2-F3B4-4980-AA64-D8783E09ED4B}.Debug|Any CPU.Build.0 = Debug|Any CPU
		{FC30E8A2-F3B4-4980-AA64-D8783E09ED4B}.Release|Any CPU.ActiveCfg = Release|Any CPU
		{FC30E8A2-F3B4-4980-AA64-D8783E09ED4B}.Release|Any CPU.Build.0 = Release|Any CPU
	EndGlobalSection
	GlobalSection(SolutionProperties) = preSolution
		HideSolutionNode = FALSE
	EndGlobalSection
	GlobalSection(ExtensibilityGlobals) = postSolution
		SolutionGuid = {A801A339-C8E2-49CB-AC17-DAE6266EEC38}
	EndGlobalSection
EndGlobal
